
Microsoft Visual Studio Solution File, Format Version 12.00
# Visual Studio Version 17
VisualStudioVersion = 17.6.33723.286
MinimumVisualStudioVersion = 10.0.40219.1
Project("{9A19103F-16F7-4668-BE54-9A1E7A4F7556}") = "ThermalLog", "ThermalLog\ThermalLog.csproj", "{16FE052D-49B8-4272-88E9-4BB15EE669D6}"
EndProject
Global
	GlobalSection(SolutionConfigurationPlatforms) = preSolution
		Debug|Any CPU = Debug|Any CPU
		Release|Any CPU = Release|Any CPU
	EndGlobalSection
	GlobalSection(ProjectConfigurationPlatforms) = postSolution
		{16FE052D-49B8-4272-88E9-4BB15EE669D6}.Debug|Any CPU.ActiveCfg = Debug|Any CPU
		{16FE052D-49B8-4272-88E9-4BB15EE669D6}.Debug|Any CPU.Build.0 = Debug|Any CPU
		{16FE052D-49B8-4272-88E9-4BB15EE669D6}.Release|Any CPU.ActiveCfg = Release|Any CPU
		{16FE052D-49B8-4272-88E9-4BB15EE669D6}.Release|Any CPU.Build.0 = Release|Any CPU
	EndGlobalSection
	GlobalSection(SolutionProperties) = preSolution
		HideSolutionNode = FALSE
	EndGlobalSection
	GlobalSection(ExtensibilityGlobals) = postSolution
		SolutionGuid = {84546E8E-1DAC-45B4-A486-A5048750862B}
	EndGlobalSection
EndGlobal
